{
  "version": 4,
  "terraform_version": "1.14.6",
  "serial": 18,
  "lineage": "255b3a7e-33a9-593b-d4b2-bf0b450e8fb6",
  "outputs": {
    "client_id": {
      "value": "UDM2UGtPaDhDc1RmcXpNakpsQ2phZWF0cDN4SzpLM0FlRGczUlhYOUk3ZlQyNHR3bGdEVFZGenA1",
      "type": "string"
    },
    "client_secret": {
      "value": "K3AeDg3RXX9I7fT24twlgDTVFzp5KmAqdVCgM1RxLxuMoJarS61SBvJZFFAcX7iO31CdKQf",
      "type": "string",
      "sensitive": true
    },
    "discovery_url": {
      "value": "https://api.descope.com/P3AczU0iiIwWr3ndyEnngQha1nAs/.well-known/openid-configuration",
      "type": "string"
    },
    "jwks_url": {
      "value": "https://api.descope.com/P3AczU0iiIwWr3ndyEnngQha1nAs/.well-known/jwks.json",
      "type": "string"
    },
    "project_id": {
      "value": "P3AczU0iiIwWr3ndyEnngQha1nAs",
      "type": "string"
    }
  },
  "resources": [
    {
      "mode": "managed",
      "type": "descope_access_key",
      "name": "m2m",
      "provider": "provider[\"registry.terraform.io/descope/descope\"]",
      "instances": [
        {
          "schema_version": 0,
          "attributes": {
            "cleartext": "K3AeDg3RXX9I7fT24twlgDTVFzp5KmAqdVCgM1RxLxuMoJarS61SBvJZFFAcX7iO31CdKQf",
            "client_id": "UDM2UGtPaDhDc1RmcXpNakpsQ2phZWF0cDN4SzpLM0FlRGczUlhYOUk3ZlQyNHR3bGdEVFZGenA1",
            "created_by": "K3Ad00tnHiQn3vRRerW7SOK9QMaw",
            "created_time": 1772944249,
            "description": "M2M access key for py-identity-model integration tests",
            "expire_time": 0,
            "id": "K3AeDg3RXX9I7fT24twlgDTVFzp5",
            "key_tenants": [],
            "name": "py-identity-model-m2m",
            "permitted_ips": [],
            "role_names": [
              "admin"
            ],
            "status": "active",
            "user_id": ""
          },
          "sensitive_attributes": [
            [
              {
                "type": "get_attr",
                "value": "cleartext"
              }
            ]
          ],
          "identity_schema_version": 0
        }
      ]
    }
  ],
  "check_results": null
}
